// !$*UTF8*$!
{
	archiveVersion = 1;
	classes = {
	};
	objectVersion = 46;
	objects = {

/* Begin PBXBuildFile section */
		373510E01F7CE9B800E6E0D0 /* PeselSwift.framework in Frameworks */ = {isa = PBXBuildFile; fileRef = 373510DD1F7CE9AE00E6E0D0 /* PeselSwift.framework */; };
		373510E11F7CE9B800E6E0D0 /* PeselSwift.framework in Embed Frameworks */ = {isa = PBXBuildFile; fileRef = 373510DD1F7CE9AE00E6E0D0 /* PeselSwift.framework */; settings = {ATTRIBUTES = (CodeSignOnCopy, RemoveHeadersOnCopy, ); }; };
		378920B71EFDAA0000830EA1 /* AppDelegate.swift in Sources */ = {isa = PBXBuildFile; fileRef = 378920B61EFDAA0000830EA1 /* AppDelegate.swift */; };
		378920B91EFDAA0000830EA1 /* ViewController.swift in Sources */ = {isa = PBXBuildFile; fileRef = 378920B81EFDAA0000830EA1 /* ViewController.swift */; };
		378920BC1EFDAA0000830EA1 /* Main.storyboard in Resources */ = {isa = PBXBuildFile; fileRef = 378920BA1EFDAA0000830EA1 /* Main.storyboard */; };
		378920BE1EFDAA0000830EA1 /* Assets.xcassets in Resources */ = {isa = PBXBuildFile; fileRef = 378920BD1EFDAA0000830EA1 /* Assets.xcassets */; };
		378920C11EFDAA0000830EA1 /* LaunchScreen.storyboard in Resources */ = {isa = PBXBuildFile; fileRef = 378920BF1EFDAA0000830EA1 /* LaunchScreen.storyboard */; };
		378920CC1EFDAA0000830EA1 /* PeselSwiftDemoTests.swift in Sources */ = {isa = PBXBuildFile; fileRef = 378920CB1EFDAA0000830EA1 /* PeselSwiftDemoTests.swift */; };
		378920D71EFDAA0000830EA1 /* PeselSwiftDemoUITests.swift in Sources */ = {isa = PBXBuildFile; fileRef = 378920D61EFDAA0000830EA1 /* PeselSwiftDemoUITests.swift */; };
/* End PBXBuildFile section */

/* Begin PBXContainerItemProxy section */
		373510DC1F7CE9AE00E6E0D0 /* PBXContainerItemProxy */ = {
			isa = PBXContainerItemProxy;
			containerPortal = 373510D71F7CE9AE00E6E0D0 /* PeselSwift.xcodeproj */;
			proxyType = 2;
			remoteGlobalIDString = 37B60FEA1EFD403F0002376F;
			remoteInfo = PeselSwift;
		};
		373510DE1F7CE9AE00E6E0D0 /* PBXContainerItemProxy */ = {
			isa = PBXContainerItemProxy;
			containerPortal = 373510D71F7CE9AE00E6E0D0 /* PeselSwift.xcodeproj */;
			proxyType = 2;
			remoteGlobalIDString = 37B60FF31EFD403F0002376F;
			remoteInfo = PeselSwiftTests;
		};
		373510E21F7CE9B800E6E0D0 /* PBXContainerItemProxy */ = {
			isa = PBXContainerItemProxy;
			containerPortal = 373510D71F7CE9AE00E6E0D0 /* PeselSwift.xcodeproj */;
			proxyType = 1;
			remoteGlobalIDString = 37B60FE91EFD403F0002376F;
			remoteInfo = PeselSwift;
		};
		378920C81EFDAA0000830EA1 /* PBXContainerItemProxy */ = {
			isa = PBXContainerItemProxy;
			containerPortal = 378920AB1EFDAA0000830EA1 /* Project object */;
			proxyType = 1;
			remoteGlobalIDString = 378920B21EFDAA0000830EA1;
			remoteInfo = PeselSwiftDemo;
		};
		378920D31EFDAA0000830EA1 /* PBXContainerItemProxy */ = {
			isa = PBXContainerItemProxy;
			containerPortal = 378920AB1EFDAA0000830EA1 /* Project object */;
			proxyType = 1;
			remoteGlobalIDString = 378920B21EFDAA0000830EA1;
			remoteInfo = PeselSwiftDemo;
		};
/* End PBXContainerItemProxy section */

/* Begin PBXCopyFilesBuildPhase section */
		373510E41F7CE9B800E6E0D0 /* Embed Frameworks */ = {
			isa = PBXCopyFilesBuildPhase;
			buildActionMask = 2147483647;
			dstPath = "";
			dstSubfolderSpec = 10;
			files = (
				373510E11F7CE9B800E6E0D0 /* PeselSwift.framework in Embed Frameworks */,
			);
			name = "Embed Frameworks";
			runOnlyForDeploymentPostprocessing = 0;
		};
/* End PBXCopyFilesBuildPhase section */

/* Begin PBXFileReference section */
		373510D71F7CE9AE00E6E0D0 /* PeselSwift.xcodeproj */ = {isa = PBXFileReference; lastKnownFileType = "wrapper.pb-project"; name = PeselSwift.xcodeproj; path = ../PeselSwift.xcodeproj; sourceTree = "<group>"; };
		378920B31EFDAA0000830EA1 /* PeselSwiftDemo.app */ = {isa = PBXFileReference; explicitFileType = wrapper.application; includeInIndex = 0; path = PeselSwiftDemo.app; sourceTree = BUILT_PRODUCTS_DIR; };
		378920B61EFDAA0000830EA1 /* AppDelegate.swift */ = {isa = PBXFileReference; lastKnownFileType = sourcecode.swift; path = AppDelegate.swift; sourceTree = "<group>"; };
		378920B81EFDAA0000830EA1 /* ViewController.swift */ = {isa = PBXFileReference; lastKnownFileType = sourcecode.swift; path = ViewController.swift; sourceTree = "<group>"; };
		378920BB1EFDAA0000830EA1 /* Base */ = {isa = PBXFileReference; lastKnownFileType = file.storyboard; name = Base; path = Base.lproj/Main.storyboard; sourceTree = "<group>"; };
		378920BD1EFDAA0000830EA1 /* Assets.xcassets */ = {isa = PBXFileReference; lastKnownFileType = folder.assetcatalog; path = Assets.xcassets; sourceTree = "<group>"; };
		378920C01EFDAA0000830EA1 /* Base */ = {isa = PBXFileReference; lastKnownFileType = file.storyboard; name = Base; path = Base.lproj/LaunchScreen.storyboard; sourceTree = "<group>"; };
		378920C21EFDAA0000830EA1 /* Info.plist */ = {isa = PBXFileReference; lastKnownFileType = text.plist.xml; path = Info.plist; sourceTree = "<group>"; };
		378920C71EFDAA0000830EA1 /* PeselSwiftDemoTests.xctest */ = {isa = PBXFileReference; explicitFileType = wrapper.cfbundle; includeInIndex = 0; path = PeselSwiftDemoTests.xctest; sourceTree = BUILT_PRODUCTS_DIR; };
		378920CB1EFDAA0000830EA1 /* PeselSwiftDemoTests.swift */ = {isa = PBXFileReference; lastKnownFileType = sourcecode.swift; path = PeselSwiftDemoTests.swift; sourceTree = "<group>"; };
		378920CD1EFDAA0000830EA1 /* Info.plist */ = {isa = PBXFileReference; lastKnownFileType = text.plist.xml; path = Info.plist; sourceTree = "<group>"; };
		378920D21EFDAA0000830EA1 /* PeselSwiftDemoUITests.xctest */ = {isa = PBXFileReference; explicitFileType = wrapper.cfbundle; includeInIndex = 0; path = PeselSwiftDemoUITests.xctest; sourceTree = BUILT_PRODUCTS_DIR; };
		378920D61EFDAA0000830EA1 /* PeselSwiftDemoUITests.swift */ = {isa = PBXFileReference; lastKnownFileType = sourcecode.swift; path = PeselSwiftDemoUITests.swift; sourceTree = "<group>"; };
		378920D81EFDAA0000830EA1 /* Info.plist */ = {isa = PBXFileReference; lastKnownFileType = text.plist.xml; path = Info.plist; sourceTree = "<group>"; };
/* End PBXFileReference section */

/* Begin PBXFrameworksBuildPhase section */
		378920B01EFDAA0000830EA1 /* Frameworks */ = {
			isa = PBXFrameworksBuildPhase;
			buildActionMask = 2147483647;
			files = (
				373510E01F7CE9B800E6E0D0 /* PeselSwift.framework in Frameworks */,
			);
			runOnlyForDeploymentPostprocessing = 0;
		};
		378920C41EFDAA0000830EA1 /* Frameworks */ = {
			isa = PBXFrameworksBuildPhase;
			buildActionMask = 2147483647;
			files = (
			);
			runOnlyForDeploymentPostprocessing = 0;
		};
		378920CF1EFDAA0000830EA1 /* Frameworks */ = {
			isa = PBXFrameworksBuildPhase;
			buildActionMask = 2147483647;
			files = (
			);
			runOnlyForDeploymentPostprocessing = 0;
		};
/* End PBXFrameworksBuildPhase section */

/* Begin PBXGroup section */
		373510D81F7CE9AE00E6E0D0 /* Products */ = {
			isa = PBXGroup;
			children = (
				373510DD1F7CE9AE00E6E0D0 /* PeselSwift.framework */,
				373510DF1F7CE9AE00E6E0D0 /* PeselSwiftTests.xctest */,
			);
			name = Products;
			sourceTree = "<group>";
		};
		378920AA1EFDAA0000830EA1 = {
			isa = PBXGroup;
			children = (
				378920B51EFDAA0000830EA1 /* PeselSwiftDemo */,
				378920CA1EFDAA0000830EA1 /* PeselSwiftDemoTests */,
				378920D51EFDAA0000830EA1 /* PeselSwiftDemoUITests */,
				378920B41EFDAA0000830EA1 /* Products */,
				373510D71F7CE9AE00E6E0D0 /* PeselSwift.xcodeproj */,
			);
			sourceTree = "<group>";
		};
		378920B41EFDAA0000830EA1 /* Products */ = {
			isa = PBXGroup;
			children = (
				378920B31EFDAA0000830EA1 /* PeselSwiftDemo.app */,
				378920C71EFDAA0000830EA1 /* PeselSwiftDemoTests.xctest */,
				378920D21EFDAA0000830EA1 /* PeselSwiftDemoUITests.xctest */,
			);
			name = Products;
			sourceTree = "<group>";
		};
		378920B51EFDAA0000830EA1 /* PeselSwiftDemo */ = {
			isa = PBXGroup;
			children = (
				378920B61EFDAA0000830EA1 /* AppDelegate.swift */,
				378920B81EFDAA0000830EA1 /* ViewController.swift */,
				378920BA1EFDAA0000830EA1 /* Main.storyboard */,
				378920BD1EFDAA0000830EA1 /* Assets.xcassets */,
				378920BF1EFDAA0000830EA1 /* LaunchScreen.storyboard */,
				378920C21EFDAA0000830EA1 /* Info.plist */,
			);
			path = PeselSwiftDemo;
			sourceTree = "<group>";
		};
		378920CA1EFDAA0000830EA1 /* PeselSwiftDemoTests */ = {
			isa = PBXGroup;
			children = (
				378920CB1EFDAA0000830EA1 /* PeselSwiftDemoTests.swift */,
				378920CD1EFDAA0000830EA1 /* Info.plist */,
			);
			path = PeselSwiftDemoTests;
			sourceTree = "<group>";
		};
		378920D51EFDAA0000830EA1 /* PeselSwiftDemoUITests */ = {
			isa = PBXGroup;
			children = (
				378920D61EFDAA0000830EA1 /* PeselSwiftDemoUITests.swift */,
				378920D81EFDAA0000830EA1 /* Info.plist */,
			);
			path = PeselSwiftDemoUITests;
			sourceTree = "<group>";
		};
/* End PBXGroup section */

/* Begin PBXNativeTarget section */
		378920B21EFDAA0000830EA1 /* PeselSwiftDemo */ = {
			isa = PBXNativeTarget;
			buildConfigurationList = 378920DB1EFDAA0000830EA1 /* Build configuration list for PBXNativeTarget "PeselSwiftDemo" */;
			buildPhases = (
				378920AF1EFDAA0000830EA1 /* Sources */,
				378920B01EFDAA0000830EA1 /* Frameworks */,
				378920B11EFDAA0000830EA1 /* Resources */,
				373510E41F7CE9B800E6E0D0 /* Embed Frameworks */,
			);
			buildRules = (
			);
			dependencies = (
				373510E31F7CE9B800E6E0D0 /* PBXTargetDependency */,
			);
			name = PeselSwiftDemo;
			productName = PeselSwiftDemo;
			productReference = 378920B31EFDAA0000830EA1 /* PeselSwiftDemo.app */;
			productType = "com.apple.product-type.application";
		};
		378920C61EFDAA0000830EA1 /* PeselSwiftDemoTests */ = {
			isa = PBXNativeTarget;
			buildConfigurationList = 378920DE1EFDAA0000830EA1 /* Build configuration list for PBXNativeTarget "PeselSwiftDemoTests" */;
			buildPhases = (
				378920C31EFDAA0000830EA1 /* Sources */,
				378920C41EFDAA0000830EA1 /* Frameworks */,
				378920C51EFDAA0000830EA1 /* Resources */,
			);
			buildRules = (
			);
			dependencies = (
				378920C91EFDAA0000830EA1 /* PBXTargetDependency */,
			);
			name = PeselSwiftDemoTests;
			productName = PeselSwiftDemoTests;
			productReference = 378920C71EFDAA0000830EA1 /* PeselSwiftDemoTests.xctest */;
			productType = "com.apple.product-type.bundle.unit-test";
		};
		378920D11EFDAA0000830EA1 /* PeselSwiftDemoUITests */ = {
			isa = PBXNativeTarget;
			buildConfigurationList = 378920E11EFDAA0000830EA1 /* Build configuration list for PBXNativeTarget "PeselSwiftDemoUITests" */;
			buildPhases = (
				378920CE1EFDAA0000830EA1 /* Sources */,
				378920CF1EFDAA0000830EA1 /* Frameworks */,
				378920D01EFDAA0000830EA1 /* Resources */,
			);
			buildRules = (
			);
			dependencies = (
				378920D41EFDAA0000830EA1 /* PBXTargetDependency */,
			);
			name = PeselSwiftDemoUITests;
			productName = PeselSwiftDemoUITests;
			productReference = 378920D21EFDAA0000830EA1 /* PeselSwiftDemoUITests.xctest */;
			productType = "com.apple.product-type.bundle.ui-testing";
		};
/* End PBXNativeTarget section */

/* Begin PBXProject section */
		378920AB1EFDAA0000830EA1 /* Project object */ = {
			isa = PBXProject;
			attributes = {
				LastSwiftUpdateCheck = 0830;
				LastUpgradeCheck = 0900;
				ORGANIZATIONNAME = "Łukasz Szarkowicz";
				TargetAttributes = {
					378920B21EFDAA0000830EA1 = {
						CreatedOnToolsVersion = 8.3.3;
						DevelopmentTeam = ARPPQ7YPQB;
						LastSwiftMigration = 0900;
						ProvisioningStyle = Automatic;
					};
					378920C61EFDAA0000830EA1 = {
						CreatedOnToolsVersion = 8.3.3;
						DevelopmentTeam = ARPPQ7YPQB;
						LastSwiftMigration = 0900;
						ProvisioningStyle = Automatic;
						TestTargetID = 378920B21EFDAA0000830EA1;
					};
					378920D11EFDAA0000830EA1 = {
						CreatedOnToolsVersion = 8.3.3;
						DevelopmentTeam = ARPPQ7YPQB;
						LastSwiftMigration = 0900;
						ProvisioningStyle = Automatic;
						TestTargetID = 378920B21EFDAA0000830EA1;
					};
				};
			};
			buildConfigurationList = 378920AE1EFDAA0000830EA1 /* Build configuration list for PBXProject "PeselSwiftDemo" */;
			compatibilityVersion = "Xcode 3.2";
			developmentRegion = English;
			hasScannedForEncodings = 0;
			knownRegions = (
				en,
				Base,
			);
			mainGroup = 378920AA1EFDAA0000830EA1;
			productRefGroup = 378920B41EFDAA0000830EA1 /* Products */;
			projectDirPath = "";
			projectReferences = (
				{
					ProductGroup = 373510D81F7CE9AE00E6E0D0 /* Products */;
					ProjectRef = 373510D71F7CE9AE00E6E0D0 /* PeselSwift.xcodeproj */;
				},
			);
			projectRoot = "";
			targets = (
				378920B21EFDAA0000830EA1 /* PeselSwiftDemo */,
				378920C61EFDAA0000830EA1 /* PeselSwiftDemoTests */,
				378920D11EFDAA0000830EA1 /* PeselSwiftDemoUITests */,
			);
		};
/* End PBXProject section */

/* Begin PBXReferenceProxy section */
		373510DD1F7CE9AE00E6E0D0 /* PeselSwift.framework */ = {
			isa = PBXReferenceProxy;
			fileType = wrapper.framework;
			path = PeselSwift.framework;
			remoteRef = 373510DC1F7CE9AE00E6E0D0 /* PBXContainerItemProxy */;
			sourceTree = BUILT_PRODUCTS_DIR;
		};
		373510DF1F7CE9AE00E6E0D0 /* PeselSwiftTests.xctest */ = {
			isa = PBXReferenceProxy;
			fileType = wrapper.cfbundle;
			path = PeselSwiftTests.xctest;
			remoteRef = 373510DE1F7CE9AE00E6E0D0 /* PBXContainerItemProxy */;
			sourceTree = BUILT_PRODUCTS_DIR;
		};
/* End PBXReferenceProxy section */

/* Begin PBXResourcesBuildPhase section */
		378920B11EFDAA0000830EA1 /* Resources */ = {
			isa = PBXResourcesBuildPhase;
			buildActionMask = 2147483647;
			files = (
				378920C11EFDAA0000830EA1 /* LaunchScreen.storyboard in Resources */,
				378920BE1EFDAA0000830EA1 /* Assets.xcassets in Resources */,
				378920BC1EFDAA0000830EA1 /* Main.storyboard in Resources */,
			);
			runOnlyForDeploymentPostprocessing = 0;
		};
		378920C51EFDAA0000830EA1 /* Resources */ = {
			isa = PBXResourcesBuildPhase;
			buildActionMask = 2147483647;
			files = (
			);
			runOnlyForDeploymentPostprocessing = 0;
		};
		378920D01EFDAA0000830EA1 /* Resources */ = {
			isa = PBXResourcesBuildPhase;
			buildActionMask = 2147483647;
			files = (
			);
			runOnlyForDeploymentPostprocessing = 0;
		};
/* End PBXResourcesBuildPhase section */

/* Begin PBXSourcesBuildPhase section */
		378920AF1EFDAA0000830EA1 /* Sources */ = {
			isa = PBXSourcesBuildPhase;
			buildActionMask = 2147483647;
			files = (
				378920B91EFDAA0000830EA1 /* ViewController.swift in Sources */,
				378920B71EFDAA0000830EA1 /* AppDelegate.swift in Sources */,
			);
			runOnlyForDeploymentPostprocessing = 0;
		};
		378920C31EFDAA0000830EA1 /* Sources */ = {
			isa = PBXSourcesBuildPhase;
			buildActionMask = 2147483647;
			files = (
				378920CC1EFDAA0000830EA1 /* PeselSwiftDemoTests.swift in Sources */,
			);
			runOnlyForDeploymentPostprocessing = 0;
		};
		378920CE1EFDAA0000830EA1 /* Sources */ = {
			isa = PBXSourcesBuildPhase;
			buildActionMask = 2147483647;
			files = (
				378920D71EFDAA0000830EA1 /* PeselSwiftDemoUITests.swift in Sources */,
			);
			runOnlyForDeploymentPostprocessing = 0;
		};
/* End PBXSourcesBuildPhase section */

/* Begin PBXTargetDependency section */
		373510E31F7CE9B800E6E0D0 /* PBXTargetDependency */ = {
			isa = PBXTargetDependency;
			name = PeselSwift;
			targetProxy = 373510E21F7CE9B800E6E0D0 /* PBXContainerItemProxy */;
		};
		378920C91EFDAA0000830EA1 /* PBXTargetDependency */ = {
			isa = PBXTargetDependency;
			target = 378920B21EFDAA0000830EA1 /* PeselSwiftDemo */;
			targetProxy = 378920C81EFDAA0000830EA1 /* PBXContainerItemProxy */;
		};
		378920D41EFDAA0000830EA1 /* PBXTargetDependency */ = {
			isa = PBXTargetDependency;
			target = 378920B21EFDAA0000830EA1 /* PeselSwiftDemo */;
			targetProxy = 378920D31EFDAA0000830EA1 /* PBXContainerItemProxy */;
		};
/* End PBXTargetDependency section */

/* Begin PBXVariantGroup section */
		378920BA1EFDAA0000830EA1 /* Main.storyboard */ = {
			isa = PBXVariantGroup;
			children = (
				378920BB1EFDAA0000830EA1 /* Base */,
			);
			name = Main.storyboard;
			sourceTree = "<group>";
		};
		378920BF1EFDAA0000830EA1 /* LaunchScreen.storyboard */ = {
			isa = PBXVariantGroup;
			children = (
				378920C01EFDAA0000830EA1 /* Base */,
			);
			name = LaunchScreen.storyboard;
			sourceTree = "<group>";
		};
/* End PBXVariantGroup section */

/* Begin XCBuildConfiguration section */
		378920D91EFDAA0000830EA1 /* Debug */ = {
			isa = XCBuildConfiguration;
			buildSettings = {
				ALWAYS_SEARCH_USER_PATHS = NO;
				CLANG_ANALYZER_NONNULL = YES;
				CLANG_ANALYZER_NUMBER_OBJECT_CONVERSION = YES_AGGRESSIVE;
				CLANG_CXX_LANGUAGE_STANDARD = "gnu++0x";
				CLANG_CXX_LIBRARY = "libc++";
				CLANG_ENABLE_MODULES = YES;
				CLANG_ENABLE_OBJC_ARC = YES;
				CLANG_WARN_BLOCK_CAPTURE_AUTORELEASING = YES;
				CLANG_WARN_BOOL_CONVERSION = YES;
				CLANG_WARN_COMMA = YES;
				CLANG_WARN_CONSTANT_CONVERSION = YES;
				CLANG_WARN_DIRECT_OBJC_ISA_USAGE = YES_ERROR;
				CLANG_WARN_DOCUMENTATION_COMMENTS = YES;
				CLANG_WARN_EMPTY_BODY = YES;
				CLANG_WARN_ENUM_CONVERSION = YES;
				CLANG_WARN_INFINITE_RECURSION = YES;
				CLANG_WARN_INT_CONVERSION = YES;
				CLANG_WARN_NON_LITERAL_NULL_CONVERSION = YES;
				CLANG_WARN_OBJC_LITERAL_CONVERSION = YES;
				CLANG_WARN_OBJC_ROOT_CLASS = YES_ERROR;
				CLANG_WARN_RANGE_LOOP_ANALYSIS = YES;
				CLANG_WARN_STRICT_PROTOTYPES = YES;
				CLANG_WARN_SUSPICIOUS_MOVE = YES;
				CLANG_WARN_UNREACHABLE_CODE = YES;
				CLANG_WARN__DUPLICATE_METHOD_MATCH = YES;
				"CODE_SIGN_IDENTITY[sdk=iphoneos*]" = "iPhone Developer";
				COPY_PHASE_STRIP = NO;
				DEBUG_INFORMATION_FORMAT = dwarf;
				ENABLE_STRICT_OBJC_MSGSEND = YES;
				ENABLE_TESTABILITY = YES;
				GCC_C_LANGUAGE_STANDARD = gnu99;
				GCC_DYNAMIC_NO_PIC = NO;
				GCC_NO_COMMON_BLOCKS = YES;
				GCC_OPTIMIZATION_LEVEL = 0;
				GCC_PREPROCESSOR_DEFINITIONS = (
					"DEBUG=1",
					"$(inherited)",
				);
				GCC_WARN_64_TO_32_BIT_CONVERSION = YES;
				GCC_WARN_ABOUT_RETURN_TYPE = YES_ERROR;
				GCC_WARN_UNDECLARED_SELECTOR = YES;
				GCC_WARN_UNINITIALIZED_AUTOS = YES_AGGRESSIVE;
				GCC_WARN_UNUSED_FUNCTION = YES;
				GCC_WARN_UNUSED_VARIABLE = YES;
				IPHONEOS_DEPLOYMENT_TARGET = 8.0;
				MTL_ENABLE_DEBUG_INFO = YES;
				ONLY_ACTIVE_ARCH = YES;
				SDKROOT = iphoneos;
				SWIFT_ACTIVE_COMPILATION_CONDITIONS = DEBUG;
				SWIFT_OPTIMIZATION_LEVEL = "-Onone";
				TARGETED_DEVICE_FAMILY = "1,2";
			};
			name = Debug;
		};
		378920DA1EFDAA0000830EA1 /* Release */ = {
			isa = XCBuildConfiguration;
			buildSettings = {
				ALWAYS_SEARCH_USER_PATHS = NO;
				CLANG_ANALYZER_NONNULL = YES;
				CLANG_ANALYZER_NUMBER_OBJECT_CONVERSION = YES_AGGRESSIVE;
				CLANG_CXX_LANGUAGE_STANDARD = "gnu++0x";
				CLANG_CXX_LIBRARY = "libc++";
				CLANG_ENABLE_MODULES = YES;
				CLANG_ENABLE_OBJC_ARC = YES;
				CLANG_WARN_BLOCK_CAPTURE_AUTORELEASING = YES;
				CLANG_WARN_BOOL_CONVERSION = YES;
				CLANG_WARN_COMMA = YES;
				CLANG_WARN_CONSTANT_CONVERSION = YES;
				CLANG_WARN_DIRECT_OBJC_ISA_USAGE = YES_ERROR;
				CLANG_WARN_DOCUMENTATION_COMMENTS = YES;
				CLANG_WARN_EMPTY_BODY = YES;
				CLANG_WARN_ENUM_CONVERSION = YES;
				CLANG_WARN_INFINITE_RECURSION = YES;
				CLANG_WARN_INT_CONVERSION = YES;
				CLANG_WARN_NON_LITERAL_NULL_CONVERSION = YES;
				CLANG_WARN_OBJC_LITERAL_CONVERSION = YES;
				CLANG_WARN_OBJC_ROOT_CLASS = YES_ERROR;
				CLANG_WARN_RANGE_LOOP_ANALYSIS = YES;
				CLANG_WARN_STRICT_PROTOTYPES = YES;
				CLANG_WARN_SUSPICIOUS_MOVE = YES;
				CLANG_WARN_UNREACHABLE_CODE = YES;
				CLANG_WARN__DUPLICATE_METHOD_MATCH = YES;
				"CODE_SIGN_IDENTITY[sdk=iphoneos*]" = "iPhone Developer";
				COPY_PHASE_STRIP = NO;
				DEBUG_INFORMATION_FORMAT = "dwarf-with-dsym";
				ENABLE_NS_ASSERTIONS = NO;
				ENABLE_STRICT_OBJC_MSGSEND = YES;
				GCC_C_LANGUAGE_STANDARD = gnu99;
				GCC_NO_COMMON_BLOCKS = YES;
				GCC_WARN_64_TO_32_BIT_CONVERSION = YES;
				GCC_WARN_ABOUT_RETURN_TYPE = YES_ERROR;
				GCC_WARN_UNDECLARED_SELECTOR = YES;
				GCC_WARN_UNINITIALIZED_AUTOS = YES_AGGRESSIVE;
				GCC_WARN_UNUSED_FUNCTION = YES;
				GCC_WARN_UNUSED_VARIABLE = YES;
				IPHONEOS_DEPLOYMENT_TARGET = 8.0;
				MTL_ENABLE_DEBUG_INFO = NO;
				SDKROOT = iphoneos;
				SWIFT_OPTIMIZATION_LEVEL = "-Owholemodule";
				TARGETED_DEVICE_FAMILY = "1,2";
				VALIDATE_PRODUCT = YES;
			};
			name = Release;
		};
		378920DC1EFDAA0000830EA1 /* Debug */ = {
			isa = XCBuildConfiguration;
			buildSettings = {
				ALWAYS_EMBED_SWIFT_STANDARD_LIBRARIES = YES;
				ASSETCATALOG_COMPILER_APPICON_NAME = AppIcon;
				DEVELOPMENT_TEAM = ARPPQ7YPQB;
				INFOPLIST_FILE = PeselSwiftDemo/Info.plist;
				LD_RUNPATH_SEARCH_PATHS = "$(inherited) @executable_path/Frameworks";
				PRODUCT_BUNDLE_IDENTIFIER = info.szarkowicz.PeselSwiftDemo;
				PRODUCT_NAME = "$(TARGET_NAME)";
				SWIFT_SWIFT3_OBJC_INFERENCE = Default;
				SWIFT_VERSION = 4.0;
				TARGETED_DEVICE_FAMILY = 1;
			};
			name = Debug;
		};
		378920DD1EFDAA0000830EA1 /* Release */ = {
			isa = XCBuildConfiguration;
			buildSettings = {
				ALWAYS_EMBED_SWIFT_STANDARD_LIBRARIES = YES;
				ASSETCATALOG_COMPILER_APPICON_NAME = AppIcon;
				DEVELOPMENT_TEAM = ARPPQ7YPQB;
				INFOPLIST_FILE = PeselSwiftDemo/Info.plist;
				LD_RUNPATH_SEARCH_PATHS = "$(inherited) @executable_path/Frameworks";
				PRODUCT_BUNDLE_IDENTIFIER = info.szarkowicz.PeselSwiftDemo;
				PRODUCT_NAME = "$(TARGET_NAME)";
				SWIFT_SWIFT3_OBJC_INFERENCE = Default;
				SWIFT_VERSION = 4.0;
				TARGETED_DEVICE_FAMILY = 1;
			};
			name = Release;
		};
		378920DF1EFDAA0000830EA1 /* Debug */ = {
			isa = XCBuildConfiguration;
			buildSettings = {
				ALWAYS_EMBED_SWIFT_STANDARD_LIBRARIES = YES;
				BUNDLE_LOADER = "$(TEST_HOST)";
				DEVELOPMENT_TEAM = ARPPQ7YPQB;
				INFOPLIST_FILE = PeselSwiftDemoTests/Info.plist;
				LD_RUNPATH_SEARCH_PATHS = "$(inherited) @executable_path/Frameworks @loader_path/Frameworks";
				PRODUCT_BUNDLE_IDENTIFIER = info.szarkowicz.PeselSwiftDemoTests;
				PRODUCT_NAME = "$(TARGET_NAME)";
				SWIFT_SWIFT3_OBJC_INFERENCE = On;
				SWIFT_VERSION = 4.0;
				TEST_HOST = "$(BUILT_PRODUCTS_DIR)/PeselSwiftDemo.app/PeselSwiftDemo";
			};
			name = Debug;
		};
		378920E01EFDAA0000830EA1 /* Release */ = {
			isa = XCBuildConfiguration;
			buildSettings = {
				ALWAYS_EMBED_SWIFT_STANDARD_LIBRARIES = YES;
				BUNDLE_LOADER = "$(TEST_HOST)";
				DEVELOPMENT_TEAM = ARPPQ7YPQB;
				INFOPLIST_FILE = PeselSwiftDemoTests/Info.plist;
				LD_RUNPATH_SEARCH_PATHS = "$(inherited) @executable_path/Frameworks @loader_path/Frameworks";
				PRODUCT_BUNDLE_IDENTIFIER = info.szarkowicz.PeselSwiftDemoTests;
				PRODUCT_NAME = "$(TARGET_NAME)";
				SWIFT_SWIFT3_OBJC_INFERENCE = On;
				SWIFT_VERSION = 4.0;
				TEST_HOST = "$(BUILT_PRODUCTS_DIR)/PeselSwiftDemo.app/PeselSwiftDemo";
			};
			name = Release;
		};
		378920E21EFDAA0000830EA1 /* Debug */ = {
			isa = XCBuildConfiguration;
			buildSettings = {
				ALWAYS_EMBED_SWIFT_STANDARD_LIBRARIES = YES;
				DEVELOPMENT_TEAM = ARPPQ7YPQB;
				INFOPLIST_FILE = PeselSwiftDemoUITests/Info.plist;
				LD_RUNPATH_SEARCH_PATHS = "$(inherited) @executable_path/Frameworks @loader_path/Frameworks";
				PRODUCT_BUNDLE_IDENTIFIER = info.szarkowicz.PeselSwiftDemoUITests;
				PRODUCT_NAME = "$(TARGET_NAME)";
				SWIFT_SWIFT3_OBJC_INFERENCE = On;
				SWIFT_VERSION = 4.0;
				TEST_TARGET_NAME = PeselSwiftDemo;
			};
			name = Debug;
		};
		378920E31EFDAA0000830EA1 /* Release */ = {
			isa = XCBuildConfiguration;
			buildSettings = {
				ALWAYS_EMBED_SWIFT_STANDARD_LIBRARIES = YES;
				DEVELOPMENT_TEAM = ARPPQ7YPQB;
				INFOPLIST_FILE = PeselSwiftDemoUITests/Info.plist;
				LD_RUNPATH_SEARCH_PATHS = "$(inherited) @executable_path/Frameworks @loader_path/Frameworks";
				PRODUCT_BUNDLE_IDENTIFIER = info.szarkowicz.PeselSwiftDemoUITests;
				PRODUCT_NAME = "$(TARGET_NAME)";
				SWIFT_SWIFT3_OBJC_INFERENCE = On;
				SWIFT_VERSION = 4.0;
				TEST_TARGET_NAME = PeselSwiftDemo;
			};
			name = Release;
		};
/* End XCBuildConfiguration section */

/* Begin XCConfigurationList section */
		378920AE1EFDAA0000830EA1 /* Build configuration list for PBXProject "PeselSwiftDemo" */ = {
			isa = XCConfigurationList;
			buildConfigurations = (
				378920D91EFDAA0000830EA1 /* Debug */,
				378920DA1EFDAA0000830EA1 /* Release */,
			);
			defaultConfigurationIsVisible = 0;
			defaultConfigurationName = Release;
		};
		378920DB1EFDAA0000830EA1 /* Build configuration list for PBXNativeTarget "PeselSwiftDemo" */ = {
			isa = XCConfigurationList;
			buildConfigurations = (
				378920DC1EFDAA0000830EA1 /* Debug */,
				378920DD1EFDAA0000830EA1 /* Release */,
			);
			defaultConfigurationIsVisible = 0;
			defaultConfigurationName = Release;
		};
		378920DE1EFDAA0000830EA1 /* Build configuration list for PBXNativeTarget "PeselSwiftDemoTests" */ = {
			isa = XCConfigurationList;
			buildConfigurations = (
				378920DF1EFDAA0000830EA1 /* Debug */,
				378920E01EFDAA0000830EA1 /* Release */,
			);
			defaultConfigurationIsVisible = 0;
			defaultConfigurationName = Release;
		};
		378920E11EFDAA0000830EA1 /* Build configuration list for PBXNativeTarget "PeselSwiftDemoUITests" */ = {
			isa = XCConfigurationList;
			buildConfigurations = (
				378920E21EFDAA0000830EA1 /* Debug */,
				378920E31EFDAA0000830EA1 /* Release */,
			);
			defaultConfigurationIsVisible = 0;
			defaultConfigurationName = Release;
		};
/* End XCConfigurationList section */
	};
	rootObject = 378920AB1EFDAA0000830EA1 /* Project object */;
}
